{
  "name": "@innexgo/frontend-auth-api",
  "version": "0.2.39",
  "lockfileVersion": 2,
  "requires": true,
  "packages": {
    "": {
      "name": "@innexgo/frontend-auth-api",
      "version": "0.2.39",
      "license": "MIT",
      "devDependencies": {
        "typescript": "^4.6.3"
      },
      "peerDependencies": {
        "@innexgo/frontend-common": "^0.0.13"
      }
    },
    "node_modules/@innexgo/frontend-common": {
      "version": "0.0.13",
      "resolved": "https://registry.npmjs.org/@innexgo/frontend-common/-/frontend-common-0.0.13.tgz",
      "integrity": "sha512-xby980X6/NadrozYePjOQL4Fbe747M1DJ4luzPnjItxnN/3A0ZE89cW2JZJiGzqcNQKSWRYx+n8+7j2oLyPVFw==",
      "peer": true
    },
    "node_modules/typescript": {
      "version": "4.6.3",
      "resolved": "https://registry.npmjs.org/typescript/-/typescript-4.6.3.tgz",
      "integrity": "sha512-yNIatDa5iaofVozS/uQJEl3JRWLKKGJKh6Yaiv0GLGSuhpFJe7P3SbHZ8/yjAHRQwKRoA6YZqlfjXWmVzoVSMw==",
      "dev": true,
      "bin": {
        "tsc": "bin/tsc",
        "tsserver": "bin/tsserver"
      },
      "engines": {
        "node": ">=4.2.0"
      }
    }
  },
  "dependencies": {
    "@innexgo/frontend-common": {
      "version": "0.0.13",
      "resolved": "https://registry.npmjs.org/@innexgo/frontend-common/-/frontend-common-0.0.13.tgz",
      "integrity": "sha512-xby980X6/NadrozYePjOQL4Fbe747M1DJ4luzPnjItxnN/3A0ZE89cW2JZJiGzqcNQKSWRYx+n8+7j2oLyPVFw==",
      "peer": true
    },
    "typescript": {
      "version": "4.6.3",
      "resolved": "https://registry.npmjs.org/typescript/-/typescript-4.6.3.tgz",
      "integrity": "sha512-yNIatDa5iaofVozS/uQJEl3JRWLKKGJKh6Yaiv0GLGSuhpFJe7P3SbHZ8/yjAHRQwKRoA6YZqlfjXWmVzoVSMw==",
      "dev": true
    }
  }
}
