{
  "name": "@innexgo/frontend-auth-api",
  "version": "0.2.40",
  "lockfileVersion": 2,
  "requires": true,
  "packages": {
    "": {
      "name": "@innexgo/frontend-auth-api",
      "version": "0.2.40",
      "license": "MIT",
      "devDependencies": {
        "typescript": "^4.6.4"
      },
      "peerDependencies": {
        "@innexgo/frontend-common": "^0.0.14"
      }
    },
    "node_modules/@innexgo/frontend-common": {
      "version": "0.0.14",
      "resolved": "https://registry.npmjs.org/@innexgo/frontend-common/-/frontend-common-0.0.14.tgz",
      "integrity": "sha512-6b9i4s0DWSyTv3emPWO1tXTlx2V2KxSYUFhJ2C3dIQp5PXtR48eTZr4CFbluRX96Ibx/nuwXPUYreEp/NM71PA==",
      "peer": true
    },
    "node_modules/typescript": {
      "version": "4.6.4",
      "resolved": "https://registry.npmjs.org/typescript/-/typescript-4.6.4.tgz",
      "integrity": "sha512-9ia/jWHIEbo49HfjrLGfKbZSuWo9iTMwXO+Ca3pRsSpbsMbc7/IU8NKdCZVRRBafVPGnoJeFL76ZOAA84I9fEg==",
      "dev": true,
      "bin": {
        "tsc": "bin/tsc",
        "tsserver": "bin/tsserver"
      },
      "engines": {
        "node": ">=4.2.0"
      }
    }
  },
  "dependencies": {
    "@innexgo/frontend-common": {
      "version": "0.0.14",
      "resolved": "https://registry.npmjs.org/@innexgo/frontend-common/-/frontend-common-0.0.14.tgz",
      "integrity": "sha512-6b9i4s0DWSyTv3emPWO1tXTlx2V2KxSYUFhJ2C3dIQp5PXtR48eTZr4CFbluRX96Ibx/nuwXPUYreEp/NM71PA==",
      "peer": true
    },
    "typescript": {
      "version": "4.6.4",
      "resolved": "https://registry.npmjs.org/typescript/-/typescript-4.6.4.tgz",
      "integrity": "sha512-9ia/jWHIEbo49HfjrLGfKbZSuWo9iTMwXO+Ca3pRsSpbsMbc7/IU8NKdCZVRRBafVPGnoJeFL76ZOAA84I9fEg==",
      "dev": true
    }
  }
}
