# THIS IS AN AUTOGENERATED FILE. DO NOT EDIT THIS FILE DIRECTLY.
# yarn lockfile v1


"@innexgo/frontend-common@^0.0.5":
  version "0.0.5"
  resolved "https://registry.yarnpkg.com/@innexgo/frontend-common/-/frontend-common-0.0.5.tgz#5558dca4448ae4e6f7f04c58f820848361e1c857"
  integrity sha512-OhiU8sBeX3bwcjdc03zk/k/jlBdghOMvRbypJXR9WrZvHeAWZds01JLvc/mjAqMNauf8d1r3jYN5RSgY81z0bQ==

typescript@^4.2.4:
  version "4.3.4"
  resolved "https://registry.yarnpkg.com/typescript/-/typescript-4.3.4.tgz#3f85b986945bcf31071decdd96cf8bfa65f9dcbc"
  integrity sha512-uauPG7XZn9F/mo+7MrsRjyvbxFpzemRjKEZXS4AK83oP2KKOJPvb+9cO/gmnv8arWZvhnjVOXz7B49m1l0e9Ew==
