# THIS IS AN AUTOGENERATED FILE. DO NOT EDIT THIS FILE DIRECTLY.
# yarn lockfile v1


"@innexgo/frontend-common@^0.0.8":
  version "0.0.8"
  resolved "https://registry.yarnpkg.com/@innexgo/frontend-common/-/frontend-common-0.0.8.tgz#b7c35d36afc9919d000e6298192992987abe716d"
  integrity sha512-Ba7iRQy7Ok8x1gk7w7+4191K1bPs0YBS9CmuDzmT1vC0kV13x3jXwQXgAoZqNLw0U/+DmFwcrmmx8Q7jItGNSA==

typescript@^4.2.4:
  version "4.3.5"
  resolved "https://registry.yarnpkg.com/typescript/-/typescript-4.3.5.tgz#4d1c37cc16e893973c45a06886b7113234f119f4"
  integrity sha512-DqQgihaQ9cUrskJo9kIyW/+g0Vxsk8cDtZ52a3NGh0YNTfpUSArXSohyUGnvbPazEPLu398C0UxmKSOrPumUzA==
